// !$*UTF8*$!
{
	archiveVersion = 1;
	classes = {
	};
	objectVersion = 46;
	objects = {

/* Begin PBXBuildFile section */
		E9DE57DC19FD70A700491263 /* AppDelegate.m in Sources */ = {isa = PBXBuildFile; fileRef = E9DE57DB19FD70A700491263 /* AppDelegate.m */; };
		E9DE57DE19FD70A700491263 /* main.m in Sources */ = {isa = PBXBuildFile; fileRef = E9DE57DD19FD70A700491263 /* main.m */; };
		E9DE57E119FD70A700491263 /* ViewController.m in Sources */ = {isa = PBXBuildFile; fileRef = E9DE57E019FD70A700491263 /* ViewController.m */; };
		E9DE57E319FD70A700491263 /* Images.xcassets in Resources */ = {isa = PBXBuildFile; fileRef = E9DE57E219FD70A700491263 /* Images.xcassets */; };
		E9DE57E619FD70A800491263 /* Main.storyboard in Resources */ = {isa = PBXBuildFile; fileRef = E9DE57E419FD70A800491263 /* Main.storyboard */; };
		E9DE57F219FD70A800491263 /* klickerTests.m in Sources */ = {isa = PBXBuildFile; fileRef = E9DE57F119FD70A800491263 /* klickerTests.m */; };
/* End PBXBuildFile section */

/* Begin PBXContainerItemProxy section */
		E9DE57EC19FD70A800491263 /* PBXContainerItemProxy */ = {
			isa = PBXContainerItemProxy;
			containerPortal = E9DE57CD19FD70A700491263 /* Project object */;
			proxyType = 1;
			remoteGlobalIDString = E9DE57D419FD70A700491263;
			remoteInfo = klicker;
		};
/* End PBXContainerItemProxy section */

/* Begin PBXFileReference section */
		E9DE57D519FD70A700491263 /* klicker.app */ = {isa = PBXFileReference; explicitFileType = wrapper.application; includeInIndex = 0; path = klicker.app; sourceTree = BUILT_PRODUCTS_DIR; };
		E9DE57D919FD70A700491263 /* Info.plist */ = {isa = PBXFileReference; lastKnownFileType = text.plist.xml; path = Info.plist; sourceTree = "<group>"; };
		E9DE57DA19FD70A700491263 /* AppDelegate.h */ = {isa = PBXFileReference; lastKnownFileType = sourcecode.c.h; path = AppDelegate.h; sourceTree = "<group>"; };
		E9DE57DB19FD70A700491263 /* AppDelegate.m */ = {isa = PBXFileReference; lastKnownFileType = sourcecode.c.objc; path = AppDelegate.m; sourceTree = "<group>"; };
		E9DE57DD19FD70A700491263 /* main.m */ = {isa = PBXFileReference; lastKnownFileType = sourcecode.c.objc; path = main.m; sourceTree = "<group>"; };
		E9DE57DF19FD70A700491263 /* ViewController.h */ = {isa = PBXFileReference; lastKnownFileType = sourcecode.c.h; path = ViewController.h; sourceTree = "<group>"; };
		E9DE57E019FD70A700491263 /* ViewController.m */ = {isa = PBXFileReference; lastKnownFileType = sourcecode.c.objc; path = ViewController.m; sourceTree = "<group>"; };
		E9DE57E219FD70A700491263 /* Images.xcassets */ = {isa = PBXFileReference; lastKnownFileType = folder.assetcatalog; path = Images.xcassets; sourceTree = "<group>"; };
		E9DE57E519FD70A800491263 /* Base */ = {isa = PBXFileReference; lastKnownFileType = file.storyboard; name = Base; path = Base.lproj/Main.storyboard; sourceTree = "<group>"; };
		E9DE57EB19FD70A800491263 /* klickerTests.xctest */ = {isa = PBXFileReference; explicitFileType = wrapper.cfbundle; includeInIndex = 0; path = klickerTests.xctest; sourceTree = BUILT_PRODUCTS_DIR; };
		E9DE57F019FD70A800491263 /* Info.plist */ = {isa = PBXFileReference; lastKnownFileType = text.plist.xml; path = Info.plist; sourceTree = "<group>"; };
		E9DE57F119FD70A800491263 /* klickerTests.m */ = {isa = PBXFileReference; lastKnownFileType = sourcecode.c.objc; path = klickerTests.m; sourceTree = "<group>"; };
/* End PBXFileReference section */

/* Begin PBXFrameworksBuildPhase section */
		E9DE57D219FD70A700491263 /* Frameworks */ = {
			isa = PBXFrameworksBuildPhase;
			buildActionMask = 2147483647;
			files = (
			);
			runOnlyForDeploymentPostprocessing = 0;
		};
		E9DE57E819FD70A800491263 /* Frameworks */ = {
			isa = PBXFrameworksBuildPhase;
			buildActionMask = 2147483647;
			files = (
			);
			runOnlyForDeploymentPostprocessing = 0;
		};
/* End PBXFrameworksBuildPhase section */

/* Begin PBXGroup section */
		E9DE57CC19FD70A700491263 = {
			isa = PBXGroup;
			children = (
				E9DE57D719FD70A700491263 /* klicker */,
				E9DE57EE19FD70A800491263 /* klickerTests */,
				E9DE57D619FD70A700491263 /* Products */,
			);
			sourceTree = "<group>";
		};
		E9DE57D619FD70A700491263 /* Products */ = {
			isa = PBXGroup;
			children = (
				E9DE57D519FD70A700491263 /* klicker.app */,
				E9DE57EB19FD70A800491263 /* klickerTests.xctest */,
			);
			name = Products;
			sourceTree = "<group>";
		};
		E9DE57D719FD70A700491263 /* klicker */ = {
			isa = PBXGroup;
			children = (
				E9DE57DA19FD70A700491263 /* AppDelegate.h */,
				E9DE57DB19FD70A700491263 /* AppDelegate.m */,
				E9DE57DF19FD70A700491263 /* ViewController.h */,
				E9DE57E019FD70A700491263 /* ViewController.m */,
				E9DE57E219FD70A700491263 /* Images.xcassets */,
				E9DE57E419FD70A800491263 /* Main.storyboard */,
				E9DE57D819FD70A700491263 /* Supporting Files */,
			);
			path = klicker;
			sourceTree = "<group>";
		};
		E9DE57D819FD70A700491263 /* Supporting Files */ = {
			isa = PBXGroup;
			children = (
				E9DE57D919FD70A700491263 /* Info.plist */,
				E9DE57DD19FD70A700491263 /* main.m */,
			);
			name = "Supporting Files";
			sourceTree = "<group>";
		};
		E9DE57EE19FD70A800491263 /* klickerTests */ = {
			isa = PBXGroup;
			children = (
				E9DE57F119FD70A800491263 /* klickerTests.m */,
				E9DE57EF19FD70A800491263 /* Supporting Files */,
			);
			path = klickerTests;
			sourceTree = "<group>";
		};
		E9DE57EF19FD70A800491263 /* Supporting Files */ = {
			isa = PBXGroup;
			children = (
				E9DE57F019FD70A800491263 /* Info.plist */,
			);
			name = "Supporting Files";
			sourceTree = "<group>";
		};
/* End PBXGroup section */

/* Begin PBXNativeTarget section */
		E9DE57D419FD70A700491263 /* klicker */ = {
			isa = PBXNativeTarget;
			buildConfigurationList = E9DE57F519FD70A800491263 /* Build configuration list for PBXNativeTarget "klicker" */;
			buildPhases = (
				E9DE57D119FD70A700491263 /* Sources */,
				E9DE57D219FD70A700491263 /* Frameworks */,
				E9DE57D319FD70A700491263 /* Resources */,
			);
			buildRules = (
			);
			dependencies = (
			);
			name = klicker;
			productName = klicker;
			productReference = E9DE57D519FD70A700491263 /* klicker.app */;
			productType = "com.apple.product-type.application";
		};
		E9DE57EA19FD70A800491263 /* klickerTests */ = {
			isa = PBXNativeTarget;
			buildConfigurationList = E9DE57F819FD70A800491263 /* Build configuration list for PBXNativeTarget "klickerTests" */;
			buildPhases = (
				E9DE57E719FD70A800491263 /* Sources */,
				E9DE57E819FD70A800491263 /* Frameworks */,
				E9DE57E919FD70A800491263 /* Resources */,
			);
			buildRules = (
			);
			dependencies = (
				E9DE57ED19FD70A800491263 /* PBXTargetDependency */,
			);
			name = klickerTests;
			productName = klickerTests;
			productReference = E9DE57EB19FD70A800491263 /* klickerTests.xctest */;
			productType = "com.apple.product-type.bundle.unit-test";
		};
/* End PBXNativeTarget section */

/* Begin PBXProject section */
		E9DE57CD19FD70A700491263 /* Project object */ = {
			isa = PBXProject;
			attributes = {
				LastUpgradeCheck = 0610;
				ORGANIZATIONNAME = "Simon Steinhge";
				TargetAttributes = {
					E9DE57D419FD70A700491263 = {
						CreatedOnToolsVersion = 6.1;
					};
					E9DE57EA19FD70A800491263 = {
						CreatedOnToolsVersion = 6.1;
						TestTargetID = E9DE57D419FD70A700491263;
					};
				};
			};
			buildConfigurationList = E9DE57D019FD70A700491263 /* Build configuration list for PBXProject "klicker" */;
			compatibilityVersion = "Xcode 3.2";
			developmentRegion = English;
			hasScannedForEncodings = 0;
			knownRegions = (
				en,
				Base,
			);
			mainGroup = E9DE57CC19FD70A700491263;
			productRefGroup = E9DE57D619FD70A700491263 /* Products */;
			projectDirPath = "";
			projectRoot = "";
			targets = (
				E9DE57D419FD70A700491263 /* klicker */,
				E9DE57EA19FD70A800491263 /* klickerTests */,
			);
		};
/* End PBXProject section */

/* Begin PBXResourcesBuildPhase section */
		E9DE57D319FD70A700491263 /* Resources */ = {
			isa = PBXResourcesBuildPhase;
			buildActionMask = 2147483647;
			files = (
				E9DE57E319FD70A700491263 /* Images.xcassets in Resources */,
				E9DE57E619FD70A800491263 /* Main.storyboard in Resources */,
			);
			runOnlyForDeploymentPostprocessing = 0;
		};
		E9DE57E919FD70A800491263 /* Resources */ = {
			isa = PBXResourcesBuildPhase;
			buildActionMask = 2147483647;
			files = (
			);
			runOnlyForDeploymentPostprocessing = 0;
		};
/* End PBXResourcesBuildPhase section */

/* Begin PBXSourcesBuildPhase section */
		E9DE57D119FD70A700491263 /* Sources */ = {
			isa = PBXSourcesBuildPhase;
			buildActionMask = 2147483647;
			files = (
				E9DE57E119FD70A700491263 /* ViewController.m in Sources */,
				E9DE57DE19FD70A700491263 /* main.m in Sources */,
				E9DE57DC19FD70A700491263 /* AppDelegate.m in Sources */,
			);
			runOnlyForDeploymentPostprocessing = 0;
		};
		E9DE57E719FD70A800491263 /* Sources */ = {
			isa = PBXSourcesBuildPhase;
			buildActionMask = 2147483647;
			files = (
				E9DE57F219FD70A800491263 /* klickerTests.m in Sources */,
			);
			runOnlyForDeploymentPostprocessing = 0;
		};
/* End PBXSourcesBuildPhase section */

/* Begin PBXTargetDependency section */
		E9DE57ED19FD70A800491263 /* PBXTargetDependency */ = {
			isa = PBXTargetDependency;
			target = E9DE57D419FD70A700491263 /* klicker */;
			targetProxy = E9DE57EC19FD70A800491263 /* PBXContainerItemProxy */;
		};
/* End PBXTargetDependency section */

/* Begin PBXVariantGroup section */
		E9DE57E419FD70A800491263 /* Main.storyboard */ = {
			isa = PBXVariantGroup;
			children = (
				E9DE57E519FD70A800491263 /* Base */,
			);
			name = Main.storyboard;
			sourceTree = "<group>";
		};
/* End PBXVariantGroup section */

/* Begin XCBuildConfiguration section */
		E9DE57F319FD70A800491263 /* Debug */ = {
			isa = XCBuildConfiguration;
			buildSettings = {
				ALWAYS_SEARCH_USER_PATHS = NO;
				CLANG_CXX_LANGUAGE_STANDARD = "gnu++0x";
				CLANG_CXX_LIBRARY = "libc++";
				CLANG_ENABLE_MODULES = YES;
				CLANG_ENABLE_OBJC_ARC = YES;
				CLANG_WARN_BOOL_CONVERSION = YES;
				CLANG_WARN_CONSTANT_CONVERSION = YES;
				CLANG_WARN_DIRECT_OBJC_ISA_USAGE = YES_ERROR;
				CLANG_WARN_EMPTY_BODY = YES;
				CLANG_WARN_ENUM_CONVERSION = YES;
				CLANG_WARN_INT_CONVERSION = YES;
				CLANG_WARN_OBJC_ROOT_CLASS = YES_ERROR;
				CLANG_WARN_UNREACHABLE_CODE = YES;
				CLANG_WARN__DUPLICATE_METHOD_MATCH = YES;
				CODE_SIGN_IDENTITY = "-";
				COPY_PHASE_STRIP = NO;
				ENABLE_STRICT_OBJC_MSGSEND = YES;
				GCC_C_LANGUAGE_STANDARD = gnu99;
				GCC_DYNAMIC_NO_PIC = NO;
				GCC_OPTIMIZATION_LEVEL = 0;
				GCC_PREPROCESSOR_DEFINITIONS = (
					"DEBUG=1",
					"$(inherited)",
				);
				GCC_SYMBOLS_PRIVATE_EXTERN = NO;
				GCC_WARN_64_TO_32_BIT_CONVERSION = YES;
				GCC_WARN_ABOUT_RETURN_TYPE = YES_ERROR;
				GCC_WARN_UNDECLARED_SELECTOR = YES;
				GCC_WARN_UNINITIALIZED_AUTOS = YES_AGGRESSIVE;
				GCC_WARN_UNUSED_FUNCTION = YES;
				GCC_WARN_UNUSED_VARIABLE = YES;
				MACOSX_DEPLOYMENT_TARGET = 10.10;
				MTL_ENABLE_DEBUG_INFO = YES;
				ONLY_ACTIVE_ARCH = YES;
				SDKROOT = macosx;
			};
			name = Debug;
		};
		E9DE57F419FD70A800491263 /* Release */ = {
			isa = XCBuildConfiguration;
			buildSettings = {
				ALWAYS_SEARCH_USER_PATHS = NO;
				CLANG_CXX_LANGUAGE_STANDARD = "gnu++0x";
				CLANG_CXX_LIBRARY = "libc++";
				CLANG_ENABLE_MODULES = YES;
				CLANG_ENABLE_OBJC_ARC = YES;
				CLANG_WARN_BOOL_CONVERSION = YES;
				CLANG_WARN_CONSTANT_CONVERSION = YES;
				CLANG_WARN_DIRECT_OBJC_ISA_USAGE = YES_ERROR;
				CLANG_WARN_EMPTY_BODY = YES;
				CLANG_WARN_ENUM_CONVERSION = YES;
				CLANG_WARN_INT_CONVERSION = YES;
				CLANG_WARN_OBJC_ROOT_CLASS = YES_ERROR;
				CLANG_WARN_UNREACHABLE_CODE = YES;
				CLANG_WARN__DUPLICATE_METHOD_MATCH = YES;
				CODE_SIGN_IDENTITY = "-";
				COPY_PHASE_STRIP = YES;
				DEBUG_INFORMATION_FORMAT = "dwarf-with-dsym";
				ENABLE_NS_ASSERTIONS = NO;
				ENABLE_STRICT_OBJC_MSGSEND = YES;
				GCC_C_LANGUAGE_STANDARD = gnu99;
				GCC_WARN_64_TO_32_BIT_CONVERSION = YES;
				GCC_WARN_ABOUT_RETURN_TYPE = YES_ERROR;
				GCC_WARN_UNDECLARED_SELECTOR = YES;
				GCC_WARN_UNINITIALIZED_AUTOS = YES_AGGRESSIVE;
				GCC_WARN_UNUSED_FUNCTION = YES;
				GCC_WARN_UNUSED_VARIABLE = YES;
				MACOSX_DEPLOYMENT_TARGET = 10.10;
				MTL_ENABLE_DEBUG_INFO = NO;
				SDKROOT = macosx;
			};
			name = Release;
		};
		E9DE57F619FD70A800491263 /* Debug */ = {
			isa = XCBuildConfiguration;
			buildSettings = {
				ASSETCATALOG_COMPILER_APPICON_NAME = AppIcon;
				COMBINE_HIDPI_IMAGES = YES;
				INFOPLIST_FILE = klicker/Info.plist;
				LD_RUNPATH_SEARCH_PATHS = "$(inherited) @executable_path/../Frameworks";
				PRODUCT_NAME = "$(TARGET_NAME)";
			};
			name = Debug;
		};
		E9DE57F719FD70A800491263 /* Release */ = {
			isa = XCBuildConfiguration;
			buildSettings = {
				ASSETCATALOG_COMPILER_APPICON_NAME = AppIcon;
				COMBINE_HIDPI_IMAGES = YES;
				INFOPLIST_FILE = klicker/Info.plist;
				LD_RUNPATH_SEARCH_PATHS = "$(inherited) @executable_path/../Frameworks";
				PRODUCT_NAME = "$(TARGET_NAME)";
			};
			name = Release;
		};
		E9DE57F919FD70A800491263 /* Debug */ = {
			isa = XCBuildConfiguration;
			buildSettings = {
				BUNDLE_LOADER = "$(TEST_HOST)";
				COMBINE_HIDPI_IMAGES = YES;
				FRAMEWORK_SEARCH_PATHS = (
					"$(DEVELOPER_FRAMEWORKS_DIR)",
					"$(inherited)",
				);
				GCC_PREPROCESSOR_DEFINITIONS = (
					"DEBUG=1",
					"$(inherited)",
				);
				INFOPLIST_FILE = klickerTests/Info.plist;
				LD_RUNPATH_SEARCH_PATHS = "$(inherited) @executable_path/../Frameworks @loader_path/../Frameworks";
				PRODUCT_NAME = "$(TARGET_NAME)";
				TEST_HOST = "$(BUILT_PRODUCTS_DIR)/klicker.app/Contents/MacOS/klicker";
			};
			name = Debug;
		};
		E9DE57FA19FD70A800491263 /* Release */ = {
			isa = XCBuildConfiguration;
			buildSettings = {
				BUNDLE_LOADER = "$(TEST_HOST)";
				COMBINE_HIDPI_IMAGES = YES;
				FRAMEWORK_SEARCH_PATHS = (
					"$(DEVELOPER_FRAMEWORKS_DIR)",
					"$(inherited)",
				);
				INFOPLIST_FILE = klickerTests/Info.plist;
				LD_RUNPATH_SEARCH_PATHS = "$(inherited) @executable_path/../Frameworks @loader_path/../Frameworks";
				PRODUCT_NAME = "$(TARGET_NAME)";
				TEST_HOST = "$(BUILT_PRODUCTS_DIR)/klicker.app/Contents/MacOS/klicker";
			};
			name = Release;
		};
/* End XCBuildConfiguration section */

/* Begin XCConfigurationList section */
		E9DE57D019FD70A700491263 /* Build configuration list for PBXProject "klicker" */ = {
			isa = XCConfigurationList;
			buildConfigurations = (
				E9DE57F319FD70A800491263 /* Debug */,
				E9DE57F419FD70A800491263 /* Release */,
			);
			defaultConfigurationIsVisible = 0;
			defaultConfigurationName = Release;
		};
		E9DE57F519FD70A800491263 /* Build configuration list for PBXNativeTarget "klicker" */ = {
			isa = XCConfigurationList;
			buildConfigurations = (
				E9DE57F619FD70A800491263 /* Debug */,
				E9DE57F719FD70A800491263 /* Release */,
			);
			defaultConfigurationIsVisible = 0;
		};
		E9DE57F819FD70A800491263 /* Build configuration list for PBXNativeTarget "klickerTests" */ = {
			isa = XCConfigurationList;
			buildConfigurations = (
				E9DE57F919FD70A800491263 /* Debug */,
				E9DE57FA19FD70A800491263 /* Release */,
			);
			defaultConfigurationIsVisible = 0;
		};
/* End XCConfigurationList section */
	};
	rootObject = E9DE57CD19FD70A700491263 /* Project object */;
}
